
Microsoft Visual Studio Solution File, Format Version 12.00
# Visual Studio Version 17
VisualStudioVersion = 17.3.32929.385
MinimumVisualStudioVersion = 10.0.40219.1
Project("{9A19103F-16F7-4668-BE54-9A1E7A4F7556}") = "SolidPrinciples", "SolidPrinciples\SolidPrinciples.csproj", "{723C5821-5090-4864-9E0F-D82E851D3A63}"
EndProject
Project("{9A19103F-16F7-4668-BE54-9A1E7A4F7556}") = "SingleResponsibilityLibrary", "SingleResponsibilityLibrary\SingleResponsibilityLibrary.csproj", "{0529AA70-534D-4DB6-8A70-67FFC818E578}"
EndProject
Project("{9A19103F-16F7-4668-BE54-9A1E7A4F7556}") = "OpenCloseLibrary", "OpenCloseLibrary\OpenCloseLibrary.csproj", "{F162F74B-524B-4212-A434-AFEB7F64827B}"
EndProject
Project("{FAE04EC0-301F-11D3-BF4B-00C04F79EFBC}") = "LiskovSubstitution", "LiskovSubstitution\LiskovSubstitution.csproj", "{E7EF3326-3377-49D5-8B0C-2242DA540C5D}"
EndProject
Project("{FAE04EC0-301F-11D3-BF4B-00C04F79EFBC}") = "InterfaceSegregationLibrary", "InterfaceSegregationLibrary\InterfaceSegregationLibrary.csproj", "{43B3D113-6EE4-4634-8E12-51841CA5F75E}"
EndProject
Global
	GlobalSection(SolutionConfigurationPlatforms) = preSolution
		Debug|Any CPU = Debug|Any CPU
		Release|Any CPU = Release|Any CPU
	EndGlobalSection
	GlobalSection(ProjectConfigurationPlatforms) = postSolution
		{723C5821-5090-4864-9E0F-D82E851D3A63}.Debug|Any CPU.ActiveCfg = Debug|Any CPU
		{723C5821-5090-4864-9E0F-D82E851D3A63}.Debug|Any CPU.Build.0 = Debug|Any CPU
		{723C5821-5090-4864-9E0F-D82E851D3A63}.Release|Any CPU.ActiveCfg = Release|Any CPU
		{723C5821-5090-4864-9E0F-D82E851D3A63}.Release|Any CPU.Build.0 = Release|Any CPU
		{0529AA70-534D-4DB6-8A70-67FFC818E578}.Debug|Any CPU.ActiveCfg = Debug|Any CPU
		{0529AA70-534D-4DB6-8A70-67FFC818E578}.Debug|Any CPU.Build.0 = Debug|Any CPU
		{0529AA70-534D-4DB6-8A70-67FFC818E578}.Release|Any CPU.ActiveCfg = Release|Any CPU
		{0529AA70-534D-4DB6-8A70-67FFC818E578}.Release|Any CPU.Build.0 = Release|Any CPU
		{F162F74B-524B-4212-A434-AFEB7F64827B}.Debug|Any CPU.ActiveCfg = Debug|Any CPU
		{F162F74B-524B-4212-A434-AFEB7F64827B}.Debug|Any CPU.Build.0 = Debug|Any CPU
		{F162F74B-524B-4212-A434-AFEB7F64827B}.Release|Any CPU.ActiveCfg = Release|Any CPU
		{F162F74B-524B-4212-A434-AFEB7F64827B}.Release|Any CPU.Build.0 = Release|Any CPU
		{E7EF3326-3377-49D5-8B0C-2242DA540C5D}.Debug|Any CPU.ActiveCfg = Debug|Any CPU
		{E7EF3326-3377-49D5-8B0C-2242DA540C5D}.Debug|Any CPU.Build.0 = Debug|Any CPU
		{E7EF3326-3377-49D5-8B0C-2242DA540C5D}.Release|Any CPU.ActiveCfg = Release|Any CPU
		{E7EF3326-3377-49D5-8B0C-2242DA540C5D}.Release|Any CPU.Build.0 = Release|Any CPU
		{43B3D113-6EE4-4634-8E12-51841CA5F75E}.Debug|Any CPU.ActiveCfg = Debug|Any CPU
		{43B3D113-6EE4-4634-8E12-51841CA5F75E}.Debug|Any CPU.Build.0 = Debug|Any CPU
		{43B3D113-6EE4-4634-8E12-51841CA5F75E}.Release|Any CPU.ActiveCfg = Release|Any CPU
		{43B3D113-6EE4-4634-8E12-51841CA5F75E}.Release|Any CPU.Build.0 = Release|Any CPU
	EndGlobalSection
	GlobalSection(SolutionProperties) = preSolution
		HideSolutionNode = FALSE
	EndGlobalSection
	GlobalSection(ExtensibilityGlobals) = postSolution
		SolutionGuid = {EFFF4709-145C-48CA-8E18-2B601C16E768}
	EndGlobalSection
EndGlobal
